
Microsoft Visual Studio Solution File, Format Version 12.00
# Visual Studio Version 17
VisualStudioVersion = 17.13.35931.197 d17.13
MinimumVisualStudioVersion = 10.0.40219.1
Project("{FAE04EC0-301F-11D3-BF4B-00C04F79EFBC}") = "MaqsMeadowCreations", "MaqsMeadowCreations.csproj", "{349FDBEC-FD5C-45DB-B5F3-D3316AF9136D}"
EndProject
Global
	GlobalSection(SolutionConfigurationPlatforms) = preSolution
		Debug|Any CPU = Debug|Any CPU
		Release|Any CPU = Release|Any CPU
	EndGlobalSection
	GlobalSection(ProjectConfigurationPlatforms) = postSolution
		{349FDBEC-FD5C-45DB-B5F3-D3316AF9136D}.Debug|Any CPU.ActiveCfg = Debug|Any CPU
		{349FDBEC-FD5C-45DB-B5F3-D3316AF9136D}.Debug|Any CPU.Build.0 = Debug|Any CPU
		{349FDBEC-FD5C-45DB-B5F3-D3316AF9136D}.Release|Any CPU.ActiveCfg = Release|Any CPU
		{349FDBEC-FD5C-45DB-B5F3-D3316AF9136D}.Release|Any CPU.Build.0 = Release|Any CPU
	EndGlobalSection
	GlobalSection(SolutionProperties) = preSolution
		HideSolutionNode = FALSE
	EndGlobalSection
	GlobalSection(ExtensibilityGlobals) = postSolution
		SolutionGuid = {D883F284-BA54-44D2-AFC7-21B6CDDB4C84}
	EndGlobalSection
EndGlobal
